
Microsoft Visual Studio Solution File, Format Version 12.00
# Visual Studio Version 16
VisualStudioVersion = 16.0.30517.126
MinimumVisualStudioVersion = 10.0.40219.1
Project("{FAE04EC0-301F-11D3-BF4B-00C04F79EFBC}") = "Konsol", "Konsol\Konsol.csproj", "{2F946B86-F95C-41D5-948B-02767926D03E}"
EndProject
Project("{FAE04EC0-301F-11D3-BF4B-00C04F79EFBC}") = "Interop_Project", "Interop_Project\Interop_Project.csproj", "{94CD16B5-D127-48BF-A851-3CB7076A3BA8}"
EndProject
Global
	GlobalSection(SolutionConfigurationPlatforms) = preSolution
		Debug|Any CPU = Debug|Any CPU
		Release|Any CPU = Release|Any CPU
	EndGlobalSection
	GlobalSection(ProjectConfigurationPlatforms) = postSolution
		{2F946B86-F95C-41D5-948B-02767926D03E}.Debug|Any CPU.ActiveCfg = Debug|Any CPU
		{2F946B86-F95C-41D5-948B-02767926D03E}.Debug|Any CPU.Build.0 = Debug|Any CPU
		{2F946B86-F95C-41D5-948B-02767926D03E}.Release|Any CPU.ActiveCfg = Release|Any CPU
		{2F946B86-F95C-41D5-948B-02767926D03E}.Release|Any CPU.Build.0 = Release|Any CPU
		{94CD16B5-D127-48BF-A851-3CB7076A3BA8}.Debug|Any CPU.ActiveCfg = Debug|Any CPU
		{94CD16B5-D127-48BF-A851-3CB7076A3BA8}.Debug|Any CPU.Build.0 = Debug|Any CPU
		{94CD16B5-D127-48BF-A851-3CB7076A3BA8}.Release|Any CPU.ActiveCfg = Release|Any CPU
		{94CD16B5-D127-48BF-A851-3CB7076A3BA8}.Release|Any CPU.Build.0 = Release|Any CPU
	EndGlobalSection
	GlobalSection(SolutionProperties) = preSolution
		HideSolutionNode = FALSE
	EndGlobalSection
	GlobalSection(ExtensibilityGlobals) = postSolution
		SolutionGuid = {646270BC-2309-444C-BE50-6BC637F18A4A}
	EndGlobalSection
EndGlobal
